// !$*UTF8*$!
{
	archiveVersion = 1;
	classes = {
	};
	objectVersion = 46;
	objects = {

/* Begin PBXBuildFile section */
		A4151C3A19BE0BF600F750A5 /* Foundation.framework in Frameworks */ = {isa = PBXBuildFile; fileRef = A4151C3919BE0BF600F750A5 /* Foundation.framework */; };
		A4151C3C19BE0BF600F750A5 /* CoreGraphics.framework in Frameworks */ = {isa = PBXBuildFile; fileRef = A4151C3B19BE0BF600F750A5 /* CoreGraphics.framework */; };
		A4151C3E19BE0BF600F750A5 /* UIKit.framework in Frameworks */ = {isa = PBXBuildFile; fileRef = A4151C3D19BE0BF600F750A5 /* UIKit.framework */; };
		A4151C4019BE0BF600F750A5 /* CoreData.framework in Frameworks */ = {isa = PBXBuildFile; fileRef = A4151C3F19BE0BF600F750A5 /* CoreData.framework */; };
		A4151C4619BE0BF600F750A5 /* InfoPlist.strings in Resources */ = {isa = PBXBuildFile; fileRef = A4151C4419BE0BF600F750A5 /* InfoPlist.strings */; };
		A4151C4819BE0BF600F750A5 /* main.m in Sources */ = {isa = PBXBuildFile; fileRef = A4151C4719BE0BF600F750A5 /* main.m */; };
		A4151C4C19BE0BF600F750A5 /* ZMAppDelegate.m in Sources */ = {isa = PBXBuildFile; fileRef = A4151C4B19BE0BF600F750A5 /* ZMAppDelegate.m */; };
		A4151C5119BE0BF600F750A5 /* Images.xcassets in Resources */ = {isa = PBXBuildFile; fileRef = A4151C5019BE0BF600F750A5 /* Images.xcassets */; };
		A4151C5819BE0BF600F750A5 /* XCTest.framework in Frameworks */ = {isa = PBXBuildFile; fileRef = A4151C5719BE0BF600F750A5 /* XCTest.framework */; };
		A4151C5919BE0BF600F750A5 /* Foundation.framework in Frameworks */ = {isa = PBXBuildFile; fileRef = A4151C3919BE0BF600F750A5 /* Foundation.framework */; };
		A4151C5A19BE0BF600F750A5 /* UIKit.framework in Frameworks */ = {isa = PBXBuildFile; fileRef = A4151C3D19BE0BF600F750A5 /* UIKit.framework */; };
		A4151C5B19BE0BF600F750A5 /* CoreData.framework in Frameworks */ = {isa = PBXBuildFile; fileRef = A4151C3F19BE0BF600F750A5 /* CoreData.framework */; };
		A4151C6319BE0BF600F750A5 /* InfoPlist.strings in Resources */ = {isa = PBXBuildFile; fileRef = A4151C6119BE0BF600F750A5 /* InfoPlist.strings */; };
		A4151C6519BE0BF600F750A5 /* DiaryTests.m in Sources */ = {isa = PBXBuildFile; fileRef = A4151C6419BE0BF600F750A5 /* DiaryTests.m */; };
		A4151C7019BE11D200F750A5 /* ZMCoreDataStack.m in Sources */ = {isa = PBXBuildFile; fileRef = A4151C6F19BE11D200F750A5 /* ZMCoreDataStack.m */; };
		A43FE4CD19BE539100BD0601 /* Diary.xcdatamodeld in Sources */ = {isa = PBXBuildFile; fileRef = A43FE4CB19BE539100BD0601 /* Diary.xcdatamodeld */; };
		A43FE4D019BE564C00BD0601 /* ZMDiaryEntry.m in Sources */ = {isa = PBXBuildFile; fileRef = A43FE4CF19BE564C00BD0601 /* ZMDiaryEntry.m */; };
		A4F2795219C08C1700764C7A /* MainStoryboard.storyboard in Resources */ = {isa = PBXBuildFile; fileRef = A4F2795119C08C1700764C7A /* MainStoryboard.storyboard */; };
		A4F2795519C08E0700764C7A /* ZMNewEntryViewController.m in Sources */ = {isa = PBXBuildFile; fileRef = A4F2795419C08E0700764C7A /* ZMNewEntryViewController.m */; };
/* End PBXBuildFile section */

/* Begin PBXContainerItemProxy section */
		A4151C5C19BE0BF600F750A5 /* PBXContainerItemProxy */ = {
			isa = PBXContainerItemProxy;
			containerPortal = A4151C2E19BE0BF500F750A5 /* Project object */;
			proxyType = 1;
			remoteGlobalIDString = A4151C3519BE0BF500F750A5;
			remoteInfo = Diary;
		};
/* End PBXContainerItemProxy section */

/* Begin PBXFileReference section */
		A4151C3619BE0BF600F750A5 /* Diary.app */ = {isa = PBXFileReference; explicitFileType = wrapper.application; includeInIndex = 0; path = Diary.app; sourceTree = BUILT_PRODUCTS_DIR; };
		A4151C3919BE0BF600F750A5 /* Foundation.framework */ = {isa = PBXFileReference; lastKnownFileType = wrapper.framework; name = Foundation.framework; path = System/Library/Frameworks/Foundation.framework; sourceTree = SDKROOT; };
		A4151C3B19BE0BF600F750A5 /* CoreGraphics.framework */ = {isa = PBXFileReference; lastKnownFileType = wrapper.framework; name = CoreGraphics.framework; path = System/Library/Frameworks/CoreGraphics.framework; sourceTree = SDKROOT; };
		A4151C3D19BE0BF600F750A5 /* UIKit.framework */ = {isa = PBXFileReference; lastKnownFileType = wrapper.framework; name = UIKit.framework; path = System/Library/Frameworks/UIKit.framework; sourceTree = SDKROOT; };
		A4151C3F19BE0BF600F750A5 /* CoreData.framework */ = {isa = PBXFileReference; lastKnownFileType = wrapper.framework; name = CoreData.framework; path = System/Library/Frameworks/CoreData.framework; sourceTree = SDKROOT; };
		A4151C4319BE0BF600F750A5 /* Diary-Info.plist */ = {isa = PBXFileReference; lastKnownFileType = text.plist.xml; path = "Diary-Info.plist"; sourceTree = "<group>"; };
		A4151C4519BE0BF600F750A5 /* en */ = {isa = PBXFileReference; lastKnownFileType = text.plist.strings; name = en; path = en.lproj/InfoPlist.strings; sourceTree = "<group>"; };
		A4151C4719BE0BF600F750A5 /* main.m */ = {isa = PBXFileReference; lastKnownFileType = sourcecode.c.objc; path = main.m; sourceTree = "<group>"; };
		A4151C4919BE0BF600F750A5 /* Diary-Prefix.pch */ = {isa = PBXFileReference; lastKnownFileType = sourcecode.c.h; path = "Diary-Prefix.pch"; sourceTree = "<group>"; };
		A4151C4A19BE0BF600F750A5 /* ZMAppDelegate.h */ = {isa = PBXFileReference; lastKnownFileType = sourcecode.c.h; path = ZMAppDelegate.h; sourceTree = "<group>"; };
		A4151C4B19BE0BF600F750A5 /* ZMAppDelegate.m */ = {isa = PBXFileReference; lastKnownFileType = sourcecode.c.objc; path = ZMAppDelegate.m; sourceTree = "<group>"; };
		A4151C5019BE0BF600F750A5 /* Images.xcassets */ = {isa = PBXFileReference; lastKnownFileType = folder.assetcatalog; path = Images.xcassets; sourceTree = "<group>"; };
		A4151C5619BE0BF600F750A5 /* DiaryTests.xctest */ = {isa = PBXFileReference; explicitFileType = wrapper.cfbundle; includeInIndex = 0; path = DiaryTests.xctest; sourceTree = BUILT_PRODUCTS_DIR; };
		A4151C5719BE0BF600F750A5 /* XCTest.framework */ = {isa = PBXFileReference; lastKnownFileType = wrapper.framework; name = XCTest.framework; path = Library/Frameworks/XCTest.framework; sourceTree = DEVELOPER_DIR; };
		A4151C6019BE0BF600F750A5 /* DiaryTests-Info.plist */ = {isa = PBXFileReference; lastKnownFileType = text.plist.xml; path = "DiaryTests-Info.plist"; sourceTree = "<group>"; };
		A4151C6219BE0BF600F750A5 /* en */ = {isa = PBXFileReference; lastKnownFileType = text.plist.strings; name = en; path = en.lproj/InfoPlist.strings; sourceTree = "<group>"; };
		A4151C6419BE0BF600F750A5 /* DiaryTests.m */ = {isa = PBXFileReference; lastKnownFileType = sourcecode.c.objc; path = DiaryTests.m; sourceTree = "<group>"; };
		A4151C6E19BE11D200F750A5 /* ZMCoreDataStack.h */ = {isa = PBXFileReference; fileEncoding = 4; lastKnownFileType = sourcecode.c.h; path = ZMCoreDataStack.h; sourceTree = "<group>"; };
		A4151C6F19BE11D200F750A5 /* ZMCoreDataStack.m */ = {isa = PBXFileReference; fileEncoding = 4; lastKnownFileType = sourcecode.c.objc; path = ZMCoreDataStack.m; sourceTree = "<group>"; };
		A43FE4CC19BE539100BD0601 /* Diary.xcdatamodel */ = {isa = PBXFileReference; lastKnownFileType = wrapper.xcdatamodel; path = Diary.xcdatamodel; sourceTree = "<group>"; };
		A43FE4CE19BE564C00BD0601 /* ZMDiaryEntry.h */ = {isa = PBXFileReference; fileEncoding = 4; lastKnownFileType = sourcecode.c.h; path = ZMDiaryEntry.h; sourceTree = "<group>"; };
		A43FE4CF19BE564C00BD0601 /* ZMDiaryEntry.m */ = {isa = PBXFileReference; fileEncoding = 4; lastKnownFileType = sourcecode.c.objc; path = ZMDiaryEntry.m; sourceTree = "<group>"; };
		A4F2795119C08C1700764C7A /* MainStoryboard.storyboard */ = {isa = PBXFileReference; fileEncoding = 4; lastKnownFileType = file.storyboard; path = MainStoryboard.storyboard; sourceTree = "<group>"; };
		A4F2795319C08E0700764C7A /* ZMNewEntryViewController.h */ = {isa = PBXFileReference; fileEncoding = 4; lastKnownFileType = sourcecode.c.h; path = ZMNewEntryViewController.h; sourceTree = "<group>"; };
		A4F2795419C08E0700764C7A /* ZMNewEntryViewController.m */ = {isa = PBXFileReference; fileEncoding = 4; lastKnownFileType = sourcecode.c.objc; path = ZMNewEntryViewController.m; sourceTree = "<group>"; };
/* End PBXFileReference section */

/* Begin PBXFrameworksBuildPhase section */
		A4151C3319BE0BF500F750A5 /* Frameworks */ = {
			isa = PBXFrameworksBuildPhase;
			buildActionMask = 2147483647;
			files = (
				A4151C3C19BE0BF600F750A5 /* CoreGraphics.framework in Frameworks */,
				A4151C4019BE0BF600F750A5 /* CoreData.framework in Frameworks */,
				A4151C3E19BE0BF600F750A5 /* UIKit.framework in Frameworks */,
				A4151C3A19BE0BF600F750A5 /* Foundation.framework in Frameworks */,
			);
			runOnlyForDeploymentPostprocessing = 0;
		};
		A4151C5319BE0BF600F750A5 /* Frameworks */ = {
			isa = PBXFrameworksBuildPhase;
			buildActionMask = 2147483647;
			files = (
				A4151C5819BE0BF600F750A5 /* XCTest.framework in Frameworks */,
				A4151C5B19BE0BF600F750A5 /* CoreData.framework in Frameworks */,
				A4151C5A19BE0BF600F750A5 /* UIKit.framework in Frameworks */,
				A4151C5919BE0BF600F750A5 /* Foundation.framework in Frameworks */,
			);
			runOnlyForDeploymentPostprocessing = 0;
		};
/* End PBXFrameworksBuildPhase section */

/* Begin PBXGroup section */
		A4151C2D19BE0BF500F750A5 = {
			isa = PBXGroup;
			children = (
				A4151C4119BE0BF600F750A5 /* Diary */,
				A4151C5E19BE0BF600F750A5 /* DiaryTests */,
				A4151C3819BE0BF600F750A5 /* Frameworks */,
				A4151C3719BE0BF600F750A5 /* Products */,
			);
			sourceTree = "<group>";
		};
		A4151C3719BE0BF600F750A5 /* Products */ = {
			isa = PBXGroup;
			children = (
				A4151C3619BE0BF600F750A5 /* Diary.app */,
				A4151C5619BE0BF600F750A5 /* DiaryTests.xctest */,
			);
			name = Products;
			sourceTree = "<group>";
		};
		A4151C3819BE0BF600F750A5 /* Frameworks */ = {
			isa = PBXGroup;
			children = (
				A4151C3919BE0BF600F750A5 /* Foundation.framework */,
				A4151C3B19BE0BF600F750A5 /* CoreGraphics.framework */,
				A4151C3D19BE0BF600F750A5 /* UIKit.framework */,
				A4151C3F19BE0BF600F750A5 /* CoreData.framework */,
				A4151C5719BE0BF600F750A5 /* XCTest.framework */,
			);
			name = Frameworks;
			sourceTree = "<group>";
		};
		A4151C4119BE0BF600F750A5 /* Diary */ = {
			isa = PBXGroup;
			children = (
				A43FE4CB19BE539100BD0601 /* Diary.xcdatamodeld */,
				A43FE4CE19BE564C00BD0601 /* ZMDiaryEntry.h */,
				A4F2795119C08C1700764C7A /* MainStoryboard.storyboard */,
				A4F2795319C08E0700764C7A /* ZMNewEntryViewController.h */,
				A4F2795419C08E0700764C7A /* ZMNewEntryViewController.m */,
				A43FE4CF19BE564C00BD0601 /* ZMDiaryEntry.m */,
				A4151C4A19BE0BF600F750A5 /* ZMAppDelegate.h */,
				A4151C4B19BE0BF600F750A5 /* ZMAppDelegate.m */,
				A4151C6E19BE11D200F750A5 /* ZMCoreDataStack.h */,
				A4151C6F19BE11D200F750A5 /* ZMCoreDataStack.m */,
				A4151C5019BE0BF600F750A5 /* Images.xcassets */,
				A4151C4219BE0BF600F750A5 /* Supporting Files */,
			);
			path = Diary;
			sourceTree = "<group>";
		};
		A4151C4219BE0BF600F750A5 /* Supporting Files */ = {
			isa = PBXGroup;
			children = (
				A4151C4319BE0BF600F750A5 /* Diary-Info.plist */,
				A4151C4419BE0BF600F750A5 /* InfoPlist.strings */,
				A4151C4719BE0BF600F750A5 /* main.m */,
				A4151C4919BE0BF600F750A5 /* Diary-Prefix.pch */,
			);
			name = "Supporting Files";
			sourceTree = "<group>";
		};
		A4151C5E19BE0BF600F750A5 /* DiaryTests */ = {
			isa = PBXGroup;
			children = (
				A4151C6419BE0BF600F750A5 /* DiaryTests.m */,
				A4151C5F19BE0BF600F750A5 /* Supporting Files */,
			);
			path = DiaryTests;
			sourceTree = "<group>";
		};
		A4151C5F19BE0BF600F750A5 /* Supporting Files */ = {
			isa = PBXGroup;
			children = (
				A4151C6019BE0BF600F750A5 /* DiaryTests-Info.plist */,
				A4151C6119BE0BF600F750A5 /* InfoPlist.strings */,
			);
			name = "Supporting Files";
			sourceTree = "<group>";
		};
/* End PBXGroup section */

/* Begin PBXNativeTarget section */
		A4151C3519BE0BF500F750A5 /* Diary */ = {
			isa = PBXNativeTarget;
			buildConfigurationList = A4151C6819BE0BF600F750A5 /* Build configuration list for PBXNativeTarget "Diary" */;
			buildPhases = (
				A4151C3219BE0BF500F750A5 /* Sources */,
				A4151C3319BE0BF500F750A5 /* Frameworks */,
				A4151C3419BE0BF500F750A5 /* Resources */,
			);
			buildRules = (
			);
			dependencies = (
			);
			name = Diary;
			productName = Diary;
			productReference = A4151C3619BE0BF600F750A5 /* Diary.app */;
			productType = "com.apple.product-type.application";
		};
		A4151C5519BE0BF600F750A5 /* DiaryTests */ = {
			isa = PBXNativeTarget;
			buildConfigurationList = A4151C6B19BE0BF600F750A5 /* Build configuration list for PBXNativeTarget "DiaryTests" */;
			buildPhases = (
				A4151C5219BE0BF600F750A5 /* Sources */,
				A4151C5319BE0BF600F750A5 /* Frameworks */,
				A4151C5419BE0BF600F750A5 /* Resources */,
			);
			buildRules = (
			);
			dependencies = (
				A4151C5D19BE0BF600F750A5 /* PBXTargetDependency */,
			);
			name = DiaryTests;
			productName = DiaryTests;
			productReference = A4151C5619BE0BF600F750A5 /* DiaryTests.xctest */;
			productType = "com.apple.product-type.bundle.unit-test";
		};
/* End PBXNativeTarget section */

/* Begin PBXProject section */
		A4151C2E19BE0BF500F750A5 /* Project object */ = {
			isa = PBXProject;
			attributes = {
				CLASSPREFIX = ZM;
				LastUpgradeCheck = 0510;
				ORGANIZATIONNAME = ZeroMondays;
				TargetAttributes = {
					A4151C5519BE0BF600F750A5 = {
						TestTargetID = A4151C3519BE0BF500F750A5;
					};
				};
			};
			buildConfigurationList = A4151C3119BE0BF500F750A5 /* Build configuration list for PBXProject "Diary" */;
			compatibilityVersion = "Xcode 3.2";
			developmentRegion = English;
			hasScannedForEncodings = 0;
			knownRegions = (
				en,
			);
			mainGroup = A4151C2D19BE0BF500F750A5;
			productRefGroup = A4151C3719BE0BF600F750A5 /* Products */;
			projectDirPath = "";
			projectRoot = "";
			targets = (
				A4151C3519BE0BF500F750A5 /* Diary */,
				A4151C5519BE0BF600F750A5 /* DiaryTests */,
			);
		};
/* End PBXProject section */

/* Begin PBXResourcesBuildPhase section */
		A4151C3419BE0BF500F750A5 /* Resources */ = {
			isa = PBXResourcesBuildPhase;
			buildActionMask = 2147483647;
			files = (
				A4F2795219C08C1700764C7A /* MainStoryboard.storyboard in Resources */,
				A4151C4619BE0BF600F750A5 /* InfoPlist.strings in Resources */,
				A4151C5119BE0BF600F750A5 /* Images.xcassets in Resources */,
			);
			runOnlyForDeploymentPostprocessing = 0;
		};
		A4151C5419BE0BF600F750A5 /* Resources */ = {
			isa = PBXResourcesBuildPhase;
			buildActionMask = 2147483647;
			files = (
				A4151C6319BE0BF600F750A5 /* InfoPlist.strings in Resources */,
			);
			runOnlyForDeploymentPostprocessing = 0;
		};
/* End PBXResourcesBuildPhase section */

/* Begin PBXSourcesBuildPhase section */
		A4151C3219BE0BF500F750A5 /* Sources */ = {
			isa = PBXSourcesBuildPhase;
			buildActionMask = 2147483647;
			files = (
				A43FE4D019BE564C00BD0601 /* ZMDiaryEntry.m in Sources */,
				A4F2795519C08E0700764C7A /* ZMNewEntryViewController.m in Sources */,
				A4151C7019BE11D200F750A5 /* ZMCoreDataStack.m in Sources */,
				A4151C4819BE0BF600F750A5 /* main.m in Sources */,
				A4151C4C19BE0BF600F750A5 /* ZMAppDelegate.m in Sources */,
				A43FE4CD19BE539100BD0601 /* Diary.xcdatamodeld in Sources */,
			);
			runOnlyForDeploymentPostprocessing = 0;
		};
		A4151C5219BE0BF600F750A5 /* Sources */ = {
			isa = PBXSourcesBuildPhase;
			buildActionMask = 2147483647;
			files = (
				A4151C6519BE0BF600F750A5 /* DiaryTests.m in Sources */,
			);
			runOnlyForDeploymentPostprocessing = 0;
		};
/* End PBXSourcesBuildPhase section */

/* Begin PBXTargetDependency section */
		A4151C5D19BE0BF600F750A5 /* PBXTargetDependency */ = {
			isa = PBXTargetDependency;
			target = A4151C3519BE0BF500F750A5 /* Diary */;
			targetProxy = A4151C5C19BE0BF600F750A5 /* PBXContainerItemProxy */;
		};
/* End PBXTargetDependency section */

/* Begin PBXVariantGroup section */
		A4151C4419BE0BF600F750A5 /* InfoPlist.strings */ = {
			isa = PBXVariantGroup;
			children = (
				A4151C4519BE0BF600F750A5 /* en */,
			);
			name = InfoPlist.strings;
			sourceTree = "<group>";
		};
		A4151C6119BE0BF600F750A5 /* InfoPlist.strings */ = {
			isa = PBXVariantGroup;
			children = (
				A4151C6219BE0BF600F750A5 /* en */,
			);
			name = InfoPlist.strings;
			sourceTree = "<group>";
		};
/* End PBXVariantGroup section */

/* Begin XCBuildConfiguration section */
		A4151C6619BE0BF600F750A5 /* Debug */ = {
			isa = XCBuildConfiguration;
			buildSettings = {
				ALWAYS_SEARCH_USER_PATHS = NO;
				CLANG_CXX_LANGUAGE_STANDARD = "gnu++0x";
				CLANG_CXX_LIBRARY = "libc++";
				CLANG_ENABLE_MODULES = YES;
				CLANG_ENABLE_OBJC_ARC = YES;
				CLANG_WARN_BOOL_CONVERSION = YES;
				CLANG_WARN_CONSTANT_CONVERSION = YES;
				CLANG_WARN_DIRECT_OBJC_ISA_USAGE = YES_ERROR;
				CLANG_WARN_EMPTY_BODY = YES;
				CLANG_WARN_ENUM_CONVERSION = YES;
				CLANG_WARN_INT_CONVERSION = YES;
				CLANG_WARN_OBJC_ROOT_CLASS = YES_ERROR;
				CLANG_WARN__DUPLICATE_METHOD_MATCH = YES;
				"CODE_SIGN_IDENTITY[sdk=iphoneos*]" = "iPhone Developer";
				COPY_PHASE_STRIP = NO;
				GCC_C_LANGUAGE_STANDARD = gnu99;
				GCC_DYNAMIC_NO_PIC = NO;
				GCC_OPTIMIZATION_LEVEL = 0;
				GCC_PREPROCESSOR_DEFINITIONS = (
					"DEBUG=1",
					"$(inherited)",
				);
				GCC_SYMBOLS_PRIVATE_EXTERN = NO;
				GCC_WARN_64_TO_32_BIT_CONVERSION = YES;
				GCC_WARN_ABOUT_RETURN_TYPE = YES_ERROR;
				GCC_WARN_UNDECLARED_SELECTOR = YES;
				GCC_WARN_UNINITIALIZED_AUTOS = YES_AGGRESSIVE;
				GCC_WARN_UNUSED_FUNCTION = YES;
				GCC_WARN_UNUSED_VARIABLE = YES;
				IPHONEOS_DEPLOYMENT_TARGET = 7.1;
				ONLY_ACTIVE_ARCH = YES;
				SDKROOT = iphoneos;
			};
			name = Debug;
		};
		A4151C6719BE0BF600F750A5 /* Release */ = {
			isa = XCBuildConfiguration;
			buildSettings = {
				ALWAYS_SEARCH_USER_PATHS = NO;
				CLANG_CXX_LANGUAGE_STANDARD = "gnu++0x";
				CLANG_CXX_LIBRARY = "libc++";
				CLANG_ENABLE_MODULES = YES;
				CLANG_ENABLE_OBJC_ARC = YES;
				CLANG_WARN_BOOL_CONVERSION = YES;
				CLANG_WARN_CONSTANT_CONVERSION = YES;
				CLANG_WARN_DIRECT_OBJC_ISA_USAGE = YES_ERROR;
				CLANG_WARN_EMPTY_BODY = YES;
				CLANG_WARN_ENUM_CONVERSION = YES;
				CLANG_WARN_INT_CONVERSION = YES;
				CLANG_WARN_OBJC_ROOT_CLASS = YES_ERROR;
				CLANG_WARN__DUPLICATE_METHOD_MATCH = YES;
				"CODE_SIGN_IDENTITY[sdk=iphoneos*]" = "iPhone Developer";
				COPY_PHASE_STRIP = YES;
				ENABLE_NS_ASSERTIONS = NO;
				GCC_C_LANGUAGE_STANDARD = gnu99;
				GCC_WARN_64_TO_32_BIT_CONVERSION = YES;
				GCC_WARN_ABOUT_RETURN_TYPE = YES_ERROR;
				GCC_WARN_UNDECLARED_SELECTOR = YES;
				GCC_WARN_UNINITIALIZED_AUTOS = YES_AGGRESSIVE;
				GCC_WARN_UNUSED_FUNCTION = YES;
				GCC_WARN_UNUSED_VARIABLE = YES;
				IPHONEOS_DEPLOYMENT_TARGET = 7.1;
				SDKROOT = iphoneos;
				VALIDATE_PRODUCT = YES;
			};
			name = Release;
		};
		A4151C6919BE0BF600F750A5 /* Debug */ = {
			isa = XCBuildConfiguration;
			buildSettings = {
				ASSETCATALOG_COMPILER_APPICON_NAME = AppIcon;
				ASSETCATALOG_COMPILER_LAUNCHIMAGE_NAME = LaunchImage;
				GCC_PRECOMPILE_PREFIX_HEADER = YES;
				GCC_PREFIX_HEADER = "Diary/Diary-Prefix.pch";
				INFOPLIST_FILE = "Diary/Diary-Info.plist";
				PRODUCT_NAME = "$(TARGET_NAME)";
				WRAPPER_EXTENSION = app;
			};
			name = Debug;
		};
		A4151C6A19BE0BF600F750A5 /* Release */ = {
			isa = XCBuildConfiguration;
			buildSettings = {
				ASSETCATALOG_COMPILER_APPICON_NAME = AppIcon;
				ASSETCATALOG_COMPILER_LAUNCHIMAGE_NAME = LaunchImage;
				GCC_PRECOMPILE_PREFIX_HEADER = YES;
				GCC_PREFIX_HEADER = "Diary/Diary-Prefix.pch";
				INFOPLIST_FILE = "Diary/Diary-Info.plist";
				PRODUCT_NAME = "$(TARGET_NAME)";
				WRAPPER_EXTENSION = app;
			};
			name = Release;
		};
		A4151C6C19BE0BF600F750A5 /* Debug */ = {
			isa = XCBuildConfiguration;
			buildSettings = {
				BUNDLE_LOADER = "$(BUILT_PRODUCTS_DIR)/Diary.app/Diary";
				FRAMEWORK_SEARCH_PATHS = (
					"$(SDKROOT)/Developer/Library/Frameworks",
					"$(inherited)",
					"$(DEVELOPER_FRAMEWORKS_DIR)",
				);
				GCC_PRECOMPILE_PREFIX_HEADER = YES;
				GCC_PREFIX_HEADER = "Diary/Diary-Prefix.pch";
				GCC_PREPROCESSOR_DEFINITIONS = (
					"DEBUG=1",
					"$(inherited)",
				);
				INFOPLIST_FILE = "DiaryTests/DiaryTests-Info.plist";
				PRODUCT_NAME = "$(TARGET_NAME)";
				TEST_HOST = "$(BUNDLE_LOADER)";
				WRAPPER_EXTENSION = xctest;
			};
			name = Debug;
		};
		A4151C6D19BE0BF600F750A5 /* Release */ = {
			isa = XCBuildConfiguration;
			buildSettings = {
				BUNDLE_LOADER = "$(BUILT_PRODUCTS_DIR)/Diary.app/Diary";
				FRAMEWORK_SEARCH_PATHS = (
					"$(SDKROOT)/Developer/Library/Frameworks",
					"$(inherited)",
					"$(DEVELOPER_FRAMEWORKS_DIR)",
				);
				GCC_PRECOMPILE_PREFIX_HEADER = YES;
				GCC_PREFIX_HEADER = "Diary/Diary-Prefix.pch";
				INFOPLIST_FILE = "DiaryTests/DiaryTests-Info.plist";
				PRODUCT_NAME = "$(TARGET_NAME)";
				TEST_HOST = "$(BUNDLE_LOADER)";
				WRAPPER_EXTENSION = xctest;
			};
			name = Release;
		};
/* End XCBuildConfiguration section */

/* Begin XCConfigurationList section */
		A4151C3119BE0BF500F750A5 /* Build configuration list for PBXProject "Diary" */ = {
			isa = XCConfigurationList;
			buildConfigurations = (
				A4151C6619BE0BF600F750A5 /* Debug */,
				A4151C6719BE0BF600F750A5 /* Release */,
			);
			defaultConfigurationIsVisible = 0;
			defaultConfigurationName = Release;
		};
		A4151C6819BE0BF600F750A5 /* Build configuration list for PBXNativeTarget "Diary" */ = {
			isa = XCConfigurationList;
			buildConfigurations = (
				A4151C6919BE0BF600F750A5 /* Debug */,
				A4151C6A19BE0BF600F750A5 /* Release */,
			);
			defaultConfigurationIsVisible = 0;
			defaultConfigurationName = Release;
		};
		A4151C6B19BE0BF600F750A5 /* Build configuration list for PBXNativeTarget "DiaryTests" */ = {
			isa = XCConfigurationList;
			buildConfigurations = (
				A4151C6C19BE0BF600F750A5 /* Debug */,
				A4151C6D19BE0BF600F750A5 /* Release */,
			);
			defaultConfigurationIsVisible = 0;
			defaultConfigurationName = Release;
		};
/* End XCConfigurationList section */

/* Begin XCVersionGroup section */
		A43FE4CB19BE539100BD0601 /* Diary.xcdatamodeld */ = {
			isa = XCVersionGroup;
			children = (
				A43FE4CC19BE539100BD0601 /* Diary.xcdatamodel */,
			);
			currentVersion = A43FE4CC19BE539100BD0601 /* Diary.xcdatamodel */;
			path = Diary.xcdatamodeld;
			sourceTree = SOURCE_ROOT;
			versionGroupType = wrapper.xcdatamodel;
		};
/* End XCVersionGroup section */
	};
	rootObject = A4151C2E19BE0BF500F750A5 /* Project object */;
}
